github.com/mozillazg/go-pinyin v0.20.0 h1:BtR3DsxpApHfKReaPO1fCqF4pThRwH9uwvXzm+GnMFQ=
github.com/mozillazg/go-pinyin v0.20.0/go.mod h1:iR4EnMMRXkfpFVV5FMi4FNB6wGq9NV6uDWbUuPhP4Yc=
golang.org/x/text v0.28.0 h1:rhazDwis8INMIwQ4tpjLDzUhx6RlXqZNPEM0huQojng=
golang.org/x/text v0.28.0/go.mod h1:U8nCwOR8jO/marOQ0QbDiOngZVEBB7MAiitBuMjXiNU=
